
Microsoft Visual Studio Solution File, Format Version 11.00
# Visual Studio 2010
Project("{FAE04EC0-301F-11D3-BF4B-00C04F79EFBC}") = "RomanNumerals", "RomanNumerals\RomanNumerals.csproj", "{4440A58A-20FA-46E4-9391-76FD738E7B5B}"
EndProject
Project("{FAE04EC0-301F-11D3-BF4B-00C04F79EFBC}") = "RomanNumeralsTests", "RomanNumeralsTests\RomanNumeralsTests.csproj", "{F56E43B7-601B-4EA0-AFF3-1A81FC056E3B}"
EndProject
Global
	GlobalSection(SolutionConfigurationPlatforms) = preSolution
		Debug|Any CPU = Debug|Any CPU
		Release|Any CPU = Release|Any CPU
	EndGlobalSection
	GlobalSection(ProjectConfigurationPlatforms) = postSolution
		{4440A58A-20FA-46E4-9391-76FD738E7B5B}.Debug|Any CPU.ActiveCfg = Debug|Any CPU
		{4440A58A-20FA-46E4-9391-76FD738E7B5B}.Debug|Any CPU.Build.0 = Debug|Any CPU
		{4440A58A-20FA-46E4-9391-76FD738E7B5B}.Release|Any CPU.ActiveCfg = Release|Any CPU
		{4440A58A-20FA-46E4-9391-76FD738E7B5B}.Release|Any CPU.Build.0 = Release|Any CPU
		{F56E43B7-601B-4EA0-AFF3-1A81FC056E3B}.Debug|Any CPU.ActiveCfg = Debug|Any CPU
		{F56E43B7-601B-4EA0-AFF3-1A81FC056E3B}.Debug|Any CPU.Build.0 = Debug|Any CPU
		{F56E43B7-601B-4EA0-AFF3-1A81FC056E3B}.Release|Any CPU.ActiveCfg = Release|Any CPU
		{F56E43B7-601B-4EA0-AFF3-1A81FC056E3B}.Release|Any CPU.Build.0 = Release|Any CPU
	EndGlobalSection
	GlobalSection(SolutionProperties) = preSolution
		HideSolutionNode = FALSE
	EndGlobalSection
EndGlobal
